// !$*UTF8*$!
{
	archiveVersion = 1;
	classes = {
	};
	objectVersion = 56;
	objects = {

/* Begin PBXBuildFile section */
		674F7DB629C71C5400A89799 /* AppDelegate.swift in Sources */ = {isa = PBXBuildFile; fileRef = 674F7DB529C71C5400A89799 /* AppDelegate.swift */; };
		674F7DB829C71C5400A89799 /* SceneDelegate.swift in Sources */ = {isa = PBXBuildFile; fileRef = 674F7DB729C71C5400A89799 /* SceneDelegate.swift */; };
		674F7DBA29C71C5400A89799 /* ViewController.swift in Sources */ = {isa = PBXBuildFile; fileRef = 674F7DB929C71C5400A89799 /* ViewController.swift */; };
		674F7DBD29C71C5400A89799 /* Main.storyboard in Resources */ = {isa = PBXBuildFile; fileRef = 674F7DBB29C71C5400A89799 /* Main.storyboard */; };
		674F7DBF29C71C5400A89799 /* Assets.xcassets in Resources */ = {isa = PBXBuildFile; fileRef = 674F7DBE29C71C5400A89799 /* Assets.xcassets */; };
		674F7DC229C71C5400A89799 /* LaunchScreen.storyboard in Resources */ = {isa = PBXBuildFile; fileRef = 674F7DC029C71C5400A89799 /* LaunchScreen.storyboard */; };
		674F7DD029C7206400A89799 /* BaseViewModel.swift in Sources */ = {isa = PBXBuildFile; fileRef = 674F7DCF29C7206400A89799 /* BaseViewModel.swift */; };
		674F7DD229C7208400A89799 /* ProductsViewModel.swift in Sources */ = {isa = PBXBuildFile; fileRef = 674F7DD129C7208400A89799 /* ProductsViewModel.swift */; };
		674F7DD729C72C2500A89799 /* BANetwork in Frameworks */ = {isa = PBXBuildFile; productRef = 674F7DD629C72C2500A89799 /* BANetwork */; };
		674F7DDA29C72D9E00A89799 /* ProductResponse.swift in Sources */ = {isa = PBXBuildFile; fileRef = 674F7DD929C72D9E00A89799 /* ProductResponse.swift */; };
		674F7DDC29C72FF700A89799 /* BAConfig.plist in Resources */ = {isa = PBXBuildFile; fileRef = 674F7DDB29C72FF700A89799 /* BAConfig.plist */; };
		67CCA2C529C8CD0D00CB4DFA /* AddProductResponse.swift in Sources */ = {isa = PBXBuildFile; fileRef = 67CCA2C429C8CD0D00CB4DFA /* AddProductResponse.swift */; };
/* End PBXBuildFile section */

/* Begin PBXFileReference section */
		674F7DB229C71C5400A89799 /* BANetworkSample.app */ = {isa = PBXFileReference; explicitFileType = wrapper.application; includeInIndex = 0; path = BANetworkSample.app; sourceTree = BUILT_PRODUCTS_DIR; };
		674F7DB529C71C5400A89799 /* AppDelegate.swift */ = {isa = PBXFileReference; lastKnownFileType = sourcecode.swift; path = AppDelegate.swift; sourceTree = "<group>"; };
		674F7DB729C71C5400A89799 /* SceneDelegate.swift */ = {isa = PBXFileReference; lastKnownFileType = sourcecode.swift; path = SceneDelegate.swift; sourceTree = "<group>"; };
		674F7DB929C71C5400A89799 /* ViewController.swift */ = {isa = PBXFileReference; lastKnownFileType = sourcecode.swift; path = ViewController.swift; sourceTree = "<group>"; };
		674F7DBC29C71C5400A89799 /* Base */ = {isa = PBXFileReference; lastKnownFileType = file.storyboard; name = Base; path = Base.lproj/Main.storyboard; sourceTree = "<group>"; };
		674F7DBE29C71C5400A89799 /* Assets.xcassets */ = {isa = PBXFileReference; lastKnownFileType = folder.assetcatalog; path = Assets.xcassets; sourceTree = "<group>"; };
		674F7DC129C71C5400A89799 /* Base */ = {isa = PBXFileReference; lastKnownFileType = file.storyboard; name = Base; path = Base.lproj/LaunchScreen.storyboard; sourceTree = "<group>"; };
		674F7DC329C71C5400A89799 /* Info.plist */ = {isa = PBXFileReference; lastKnownFileType = text.plist.xml; path = Info.plist; sourceTree = "<group>"; };
		674F7DCF29C7206400A89799 /* BaseViewModel.swift */ = {isa = PBXFileReference; lastKnownFileType = sourcecode.swift; path = BaseViewModel.swift; sourceTree = "<group>"; };
		674F7DD129C7208400A89799 /* ProductsViewModel.swift */ = {isa = PBXFileReference; lastKnownFileType = sourcecode.swift; path = ProductsViewModel.swift; sourceTree = "<group>"; };
		674F7DD429C7213A00A89799 /* BANetwork */ = {isa = PBXFileReference; lastKnownFileType = wrapper; name = BANetwork; path = "../../ios-libs/BANetwork"; sourceTree = "<group>"; };
		674F7DD929C72D9E00A89799 /* ProductResponse.swift */ = {isa = PBXFileReference; lastKnownFileType = sourcecode.swift; path = ProductResponse.swift; sourceTree = "<group>"; };
		674F7DDB29C72FF700A89799 /* BAConfig.plist */ = {isa = PBXFileReference; lastKnownFileType = text.plist.xml; path = BAConfig.plist; sourceTree = "<group>"; };
		67CCA2C429C8CD0D00CB4DFA /* AddProductResponse.swift */ = {isa = PBXFileReference; lastKnownFileType = sourcecode.swift; path = AddProductResponse.swift; sourceTree = "<group>"; };
/* End PBXFileReference section */

/* Begin PBXFrameworksBuildPhase section */
		674F7DAF29C71C5400A89799 /* Frameworks */ = {
			isa = PBXFrameworksBuildPhase;
			buildActionMask = 2147483647;
			files = (
				674F7DD729C72C2500A89799 /* BANetwork in Frameworks */,
			);
			runOnlyForDeploymentPostprocessing = 0;
		};
/* End PBXFrameworksBuildPhase section */

/* Begin PBXGroup section */
		674F7DA929C71C5400A89799 = {
			isa = PBXGroup;
			children = (
				674F7DD329C7213A00A89799 /* Packages */,
				674F7DB429C71C5400A89799 /* BANetworkSample */,
				674F7DB329C71C5400A89799 /* Products */,
				674F7DD529C72C2500A89799 /* Frameworks */,
			);
			sourceTree = "<group>";
		};
		674F7DB329C71C5400A89799 /* Products */ = {
			isa = PBXGroup;
			children = (
				674F7DB229C71C5400A89799 /* BANetworkSample.app */,
			);
			name = Products;
			sourceTree = "<group>";
		};
		674F7DB429C71C5400A89799 /* BANetworkSample */ = {
			isa = PBXGroup;
			children = (
				674F7DDD29C7319E00A89799 /* ViewController */,
				674F7DCC29C7203A00A89799 /* ViewModel */,
				674F7DD829C72D9500A89799 /* Model */,
				674F7DB529C71C5400A89799 /* AppDelegate.swift */,
				674F7DB729C71C5400A89799 /* SceneDelegate.swift */,
				674F7DBB29C71C5400A89799 /* Main.storyboard */,
				674F7DBE29C71C5400A89799 /* Assets.xcassets */,
				674F7DC029C71C5400A89799 /* LaunchScreen.storyboard */,
				674F7DC329C71C5400A89799 /* Info.plist */,
				674F7DDB29C72FF700A89799 /* BAConfig.plist */,
			);
			path = BANetworkSample;
			sourceTree = "<group>";
		};
		674F7DCC29C7203A00A89799 /* ViewModel */ = {
			isa = PBXGroup;
			children = (
				674F7DCD29C7204300A89799 /* Base */,
				674F7DCE29C7204900A89799 /* Products */,
			);
			path = ViewModel;
			sourceTree = "<group>";
		};
		674F7DCD29C7204300A89799 /* Base */ = {
			isa = PBXGroup;
			children = (
				674F7DCF29C7206400A89799 /* BaseViewModel.swift */,
			);
			path = Base;
			sourceTree = "<group>";
		};
		674F7DCE29C7204900A89799 /* Products */ = {
			isa = PBXGroup;
			children = (
				674F7DD129C7208400A89799 /* ProductsViewModel.swift */,
			);
			path = Products;
			sourceTree = "<group>";
		};
		674F7DD329C7213A00A89799 /* Packages */ = {
			isa = PBXGroup;
			children = (
				674F7DD429C7213A00A89799 /* BANetwork */,
			);
			name = Packages;
			sourceTree = "<group>";
		};
		674F7DD529C72C2500A89799 /* Frameworks */ = {
			isa = PBXGroup;
			children = (
			);
			name = Frameworks;
			sourceTree = "<group>";
		};
		674F7DD829C72D9500A89799 /* Model */ = {
			isa = PBXGroup;
			children = (
				674F7DD929C72D9E00A89799 /* ProductResponse.swift */,
				67CCA2C429C8CD0D00CB4DFA /* AddProductResponse.swift */,
			);
			path = Model;
			sourceTree = "<group>";
		};
		674F7DDD29C7319E00A89799 /* ViewController */ = {
			isa = PBXGroup;
			children = (
				674F7DB929C71C5400A89799 /* ViewController.swift */,
			);
			path = ViewController;
			sourceTree = "<group>";
		};
/* End PBXGroup section */

/* Begin PBXNativeTarget section */
		674F7DB129C71C5400A89799 /* BANetworkSample */ = {
			isa = PBXNativeTarget;
			buildConfigurationList = 674F7DC629C71C5400A89799 /* Build configuration list for PBXNativeTarget "BANetworkSample" */;
			buildPhases = (
				674F7DAE29C71C5400A89799 /* Sources */,
				674F7DAF29C71C5400A89799 /* Frameworks */,
				674F7DB029C71C5400A89799 /* Resources */,
			);
			buildRules = (
			);
			dependencies = (
			);
			name = BANetworkSample;
			packageProductDependencies = (
				674F7DD629C72C2500A89799 /* BANetwork */,
			);
			productName = BANetworkSample;
			productReference = 674F7DB229C71C5400A89799 /* BANetworkSample.app */;
			productType = "com.apple.product-type.application";
		};
/* End PBXNativeTarget section */

/* Begin PBXProject section */
		674F7DAA29C71C5400A89799 /* Project object */ = {
			isa = PBXProject;
			attributes = {
				BuildIndependentTargetsInParallel = 1;
				LastSwiftUpdateCheck = 1420;
				LastUpgradeCheck = 1420;
				TargetAttributes = {
					674F7DB129C71C5400A89799 = {
						CreatedOnToolsVersion = 14.2;
					};
				};
			};
			buildConfigurationList = 674F7DAD29C71C5400A89799 /* Build configuration list for PBXProject "BANetworkSample" */;
			compatibilityVersion = "Xcode 14.0";
			developmentRegion = en;
			hasScannedForEncodings = 0;
			knownRegions = (
				en,
				Base,
			);
			mainGroup = 674F7DA929C71C5400A89799;
			packageReferences = (
			);
			productRefGroup = 674F7DB329C71C5400A89799 /* Products */;
			projectDirPath = "";
			projectRoot = "";
			targets = (
				674F7DB129C71C5400A89799 /* BANetworkSample */,
			);
		};
/* End PBXProject section */

/* Begin PBXResourcesBuildPhase section */
		674F7DB029C71C5400A89799 /* Resources */ = {
			isa = PBXResourcesBuildPhase;
			buildActionMask = 2147483647;
			files = (
				674F7DC229C71C5400A89799 /* LaunchScreen.storyboard in Resources */,
				674F7DDC29C72FF700A89799 /* BAConfig.plist in Resources */,
				674F7DBF29C71C5400A89799 /* Assets.xcassets in Resources */,
				674F7DBD29C71C5400A89799 /* Main.storyboard in Resources */,
			);
			runOnlyForDeploymentPostprocessing = 0;
		};
/* End PBXResourcesBuildPhase section */

/* Begin PBXSourcesBuildPhase section */
		674F7DAE29C71C5400A89799 /* Sources */ = {
			isa = PBXSourcesBuildPhase;
			buildActionMask = 2147483647;
			files = (
				674F7DDA29C72D9E00A89799 /* ProductResponse.swift in Sources */,
				674F7DBA29C71C5400A89799 /* ViewController.swift in Sources */,
				67CCA2C529C8CD0D00CB4DFA /* AddProductResponse.swift in Sources */,
				674F7DD029C7206400A89799 /* BaseViewModel.swift in Sources */,
				674F7DB629C71C5400A89799 /* AppDelegate.swift in Sources */,
				674F7DD229C7208400A89799 /* ProductsViewModel.swift in Sources */,
				674F7DB829C71C5400A89799 /* SceneDelegate.swift in Sources */,
			);
			runOnlyForDeploymentPostprocessing = 0;
		};
/* End PBXSourcesBuildPhase section */

/* Begin PBXVariantGroup section */
		674F7DBB29C71C5400A89799 /* Main.storyboard */ = {
			isa = PBXVariantGroup;
			children = (
				674F7DBC29C71C5400A89799 /* Base */,
			);
			name = Main.storyboard;
			sourceTree = "<group>";
		};
		674F7DC029C71C5400A89799 /* LaunchScreen.storyboard */ = {
			isa = PBXVariantGroup;
			children = (
				674F7DC129C71C5400A89799 /* Base */,
			);
			name = LaunchScreen.storyboard;
			sourceTree = "<group>";
		};
/* End PBXVariantGroup section */

/* Begin XCBuildConfiguration section */
		674F7DC429C71C5400A89799 /* Debug */ = {
			isa = XCBuildConfiguration;
			buildSettings = {
				ALWAYS_SEARCH_USER_PATHS = NO;
				CLANG_ANALYZER_NONNULL = YES;
				CLANG_ANALYZER_NUMBER_OBJECT_CONVERSION = YES_AGGRESSIVE;
				CLANG_CXX_LANGUAGE_STANDARD = "gnu++20";
				CLANG_ENABLE_MODULES = YES;
				CLANG_ENABLE_OBJC_ARC = YES;
				CLANG_ENABLE_OBJC_WEAK = YES;
				CLANG_WARN_BLOCK_CAPTURE_AUTORELEASING = YES;
				CLANG_WARN_BOOL_CONVERSION = YES;
				CLANG_WARN_COMMA = YES;
				CLANG_WARN_CONSTANT_CONVERSION = YES;
				CLANG_WARN_DEPRECATED_OBJC_IMPLEMENTATIONS = YES;
				CLANG_WARN_DIRECT_OBJC_ISA_USAGE = YES_ERROR;
				CLANG_WARN_DOCUMENTATION_COMMENTS = YES;
				CLANG_WARN_EMPTY_BODY = YES;
				CLANG_WARN_ENUM_CONVERSION = YES;
				CLANG_WARN_INFINITE_RECURSION = YES;
				CLANG_WARN_INT_CONVERSION = YES;
				CLANG_WARN_NON_LITERAL_NULL_CONVERSION = YES;
				CLANG_WARN_OBJC_IMPLICIT_RETAIN_SELF = YES;
				CLANG_WARN_OBJC_LITERAL_CONVERSION = YES;
				CLANG_WARN_OBJC_ROOT_CLASS = YES_ERROR;
				CLANG_WARN_QUOTED_INCLUDE_IN_FRAMEWORK_HEADER = YES;
				CLANG_WARN_RANGE_LOOP_ANALYSIS = YES;
				CLANG_WARN_STRICT_PROTOTYPES = YES;
				CLANG_WARN_SUSPICIOUS_MOVE = YES;
				CLANG_WARN_UNGUARDED_AVAILABILITY = YES_AGGRESSIVE;
				CLANG_WARN_UNREACHABLE_CODE = YES;
				CLANG_WARN__DUPLICATE_METHOD_MATCH = YES;
				COPY_PHASE_STRIP = NO;
				DEBUG_INFORMATION_FORMAT = dwarf;
				ENABLE_STRICT_OBJC_MSGSEND = YES;
				ENABLE_TESTABILITY = YES;
				GCC_C_LANGUAGE_STANDARD = gnu11;
				GCC_DYNAMIC_NO_PIC = NO;
				GCC_NO_COMMON_BLOCKS = YES;
				GCC_OPTIMIZATION_LEVEL = 0;
				GCC_PREPROCESSOR_DEFINITIONS = (
					"DEBUG=1",
					"$(inherited)",
				);
				GCC_WARN_64_TO_32_BIT_CONVERSION = YES;
				GCC_WARN_ABOUT_RETURN_TYPE = YES_ERROR;
				GCC_WARN_UNDECLARED_SELECTOR = YES;
				GCC_WARN_UNINITIALIZED_AUTOS = YES_AGGRESSIVE;
				GCC_WARN_UNUSED_FUNCTION = YES;
				GCC_WARN_UNUSED_VARIABLE = YES;
				IPHONEOS_DEPLOYMENT_TARGET = 16.2;
				MTL_ENABLE_DEBUG_INFO = INCLUDE_SOURCE;
				MTL_FAST_MATH = YES;
				ONLY_ACTIVE_ARCH = YES;
				SDKROOT = iphoneos;
				SWIFT_ACTIVE_COMPILATION_CONDITIONS = DEBUG;
				SWIFT_OPTIMIZATION_LEVEL = "-Onone";
			};
			name = Debug;
		};
		674F7DC529C71C5400A89799 /* Release */ = {
			isa = XCBuildConfiguration;
			buildSettings = {
				ALWAYS_SEARCH_USER_PATHS = NO;
				CLANG_ANALYZER_NONNULL = YES;
				CLANG_ANALYZER_NUMBER_OBJECT_CONVERSION = YES_AGGRESSIVE;
				CLANG_CXX_LANGUAGE_STANDARD = "gnu++20";
				CLANG_ENABLE_MODULES = YES;
				CLANG_ENABLE_OBJC_ARC = YES;
				CLANG_ENABLE_OBJC_WEAK = YES;
				CLANG_WARN_BLOCK_CAPTURE_AUTORELEASING = YES;
				CLANG_WARN_BOOL_CONVERSION = YES;
				CLANG_WARN_COMMA = YES;
				CLANG_WARN_CONSTANT_CONVERSION = YES;
				CLANG_WARN_DEPRECATED_OBJC_IMPLEMENTATIONS = YES;
				CLANG_WARN_DIRECT_OBJC_ISA_USAGE = YES_ERROR;
				CLANG_WARN_DOCUMENTATION_COMMENTS = YES;
				CLANG_WARN_EMPTY_BODY = YES;
				CLANG_WARN_ENUM_CONVERSION = YES;
				CLANG_WARN_INFINITE_RECURSION = YES;
				CLANG_WARN_INT_CONVERSION = YES;
				CLANG_WARN_NON_LITERAL_NULL_CONVERSION = YES;
				CLANG_WARN_OBJC_IMPLICIT_RETAIN_SELF = YES;
				CLANG_WARN_OBJC_LITERAL_CONVERSION = YES;
				CLANG_WARN_OBJC_ROOT_CLASS = YES_ERROR;
				CLANG_WARN_QUOTED_INCLUDE_IN_FRAMEWORK_HEADER = YES;
				CLANG_WARN_RANGE_LOOP_ANALYSIS = YES;
				CLANG_WARN_STRICT_PROTOTYPES = YES;
				CLANG_WARN_SUSPICIOUS_MOVE = YES;
				CLANG_WARN_UNGUARDED_AVAILABILITY = YES_AGGRESSIVE;
				CLANG_WARN_UNREACHABLE_CODE = YES;
				CLANG_WARN__DUPLICATE_METHOD_MATCH = YES;
				COPY_PHASE_STRIP = NO;
				DEBUG_INFORMATION_FORMAT = "dwarf-with-dsym";
				ENABLE_NS_ASSERTIONS = NO;
				ENABLE_STRICT_OBJC_MSGSEND = YES;
				GCC_C_LANGUAGE_STANDARD = gnu11;
				GCC_NO_COMMON_BLOCKS = YES;
				GCC_WARN_64_TO_32_BIT_CONVERSION = YES;
				GCC_WARN_ABOUT_RETURN_TYPE = YES_ERROR;
				GCC_WARN_UNDECLARED_SELECTOR = YES;
				GCC_WARN_UNINITIALIZED_AUTOS = YES_AGGRESSIVE;
				GCC_WARN_UNUSED_FUNCTION = YES;
				GCC_WARN_UNUSED_VARIABLE = YES;
				IPHONEOS_DEPLOYMENT_TARGET = 16.2;
				MTL_ENABLE_DEBUG_INFO = NO;
				MTL_FAST_MATH = YES;
				SDKROOT = iphoneos;
				SWIFT_COMPILATION_MODE = wholemodule;
				SWIFT_OPTIMIZATION_LEVEL = "-O";
				VALIDATE_PRODUCT = YES;
			};
			name = Release;
		};
		674F7DC729C71C5400A89799 /* Debug */ = {
			isa = XCBuildConfiguration;
			buildSettings = {
				ASSETCATALOG_COMPILER_APPICON_NAME = AppIcon;
				ASSETCATALOG_COMPILER_GLOBAL_ACCENT_COLOR_NAME = AccentColor;
				CODE_SIGN_STYLE = Automatic;
				CURRENT_PROJECT_VERSION = 1;
				GENERATE_INFOPLIST_FILE = YES;
				INFOPLIST_FILE = BANetworkSample/Info.plist;
				INFOPLIST_KEY_UIApplicationSupportsIndirectInputEvents = YES;
				INFOPLIST_KEY_UILaunchStoryboardName = LaunchScreen;
				INFOPLIST_KEY_UIMainStoryboardFile = Main;
				INFOPLIST_KEY_UISupportedInterfaceOrientations_iPad = "UIInterfaceOrientationPortrait UIInterfaceOrientationPortraitUpsideDown UIInterfaceOrientationLandscapeLeft UIInterfaceOrientationLandscapeRight";
				INFOPLIST_KEY_UISupportedInterfaceOrientations_iPhone = "UIInterfaceOrientationPortrait UIInterfaceOrientationLandscapeLeft UIInterfaceOrientationLandscapeRight";
				LD_RUNPATH_SEARCH_PATHS = (
					"$(inherited)",
					"@executable_path/Frameworks",
				);
				MARKETING_VERSION = 1.0;
				PRODUCT_BUNDLE_IDENTIFIER = bclk.BANetworkSample;
				PRODUCT_NAME = "$(TARGET_NAME)";
				SWIFT_EMIT_LOC_STRINGS = YES;
				SWIFT_VERSION = 5.0;
				TARGETED_DEVICE_FAMILY = "1,2";
			};
			name = Debug;
		};
		674F7DC829C71C5400A89799 /* Release */ = {
			isa = XCBuildConfiguration;
			buildSettings = {
				ASSETCATALOG_COMPILER_APPICON_NAME = AppIcon;
				ASSETCATALOG_COMPILER_GLOBAL_ACCENT_COLOR_NAME = AccentColor;
				CODE_SIGN_STYLE = Automatic;
				CURRENT_PROJECT_VERSION = 1;
				GENERATE_INFOPLIST_FILE = YES;
				INFOPLIST_FILE = BANetworkSample/Info.plist;
				INFOPLIST_KEY_UIApplicationSupportsIndirectInputEvents = YES;
				INFOPLIST_KEY_UILaunchStoryboardName = LaunchScreen;
				INFOPLIST_KEY_UIMainStoryboardFile = Main;
				INFOPLIST_KEY_UISupportedInterfaceOrientations_iPad = "UIInterfaceOrientationPortrait UIInterfaceOrientationPortraitUpsideDown UIInterfaceOrientationLandscapeLeft UIInterfaceOrientationLandscapeRight";
				INFOPLIST_KEY_UISupportedInterfaceOrientations_iPhone = "UIInterfaceOrientationPortrait UIInterfaceOrientationLandscapeLeft UIInterfaceOrientationLandscapeRight";
				LD_RUNPATH_SEARCH_PATHS = (
					"$(inherited)",
					"@executable_path/Frameworks",
				);
				MARKETING_VERSION = 1.0;
				PRODUCT_BUNDLE_IDENTIFIER = bclk.BANetworkSample;
				PRODUCT_NAME = "$(TARGET_NAME)";
				SWIFT_EMIT_LOC_STRINGS = YES;
				SWIFT_VERSION = 5.0;
				TARGETED_DEVICE_FAMILY = "1,2";
			};
			name = Release;
		};
/* End XCBuildConfiguration section */

/* Begin XCConfigurationList section */
		674F7DAD29C71C5400A89799 /* Build configuration list for PBXProject "BANetworkSample" */ = {
			isa = XCConfigurationList;
			buildConfigurations = (
				674F7DC429C71C5400A89799 /* Debug */,
				674F7DC529C71C5400A89799 /* Release */,
			);
			defaultConfigurationIsVisible = 0;
			defaultConfigurationName = Release;
		};
		674F7DC629C71C5400A89799 /* Build configuration list for PBXNativeTarget "BANetworkSample" */ = {
			isa = XCConfigurationList;
			buildConfigurations = (
				674F7DC729C71C5400A89799 /* Debug */,
				674F7DC829C71C5400A89799 /* Release */,
			);
			defaultConfigurationIsVisible = 0;
			defaultConfigurationName = Release;
		};
/* End XCConfigurationList section */

/* Begin XCSwiftPackageProductDependency section */
		674F7DD629C72C2500A89799 /* BANetwork */ = {
			isa = XCSwiftPackageProductDependency;
			productName = BANetwork;
		};
/* End XCSwiftPackageProductDependency section */
	};
	rootObject = 674F7DAA29C71C5400A89799 /* Project object */;
}
